<?xml version="1.0" encoding="utf-8"?>
<Project ToolsVersion="4.0" xmlns="http://schemas.microsoft.com/developer/msbuild/2003">
  <ItemGroup>
    <ClCompile Include="..\src\lapi.c" />
    <ClCompile Include="..\src\lauxlib.c" />
    <ClCompile Include="..\src\lbaselib.c" />
    <ClCompile Include="..\src\lcode.c" />
    <ClCompile Include="..\src\ldblib.c" />
    <ClCompile Include="..\src\ldebug.c" />
    <ClCompile Include="..\src\ldo.c" />
    <ClCompile Include="..\src\ldump.c" />
    <ClCompile Include="..\src\lfunc.c" />
    <ClCompile Include="..\src\lgc.c" />
    <ClCompile Include="..\src\linit.c" />
    <ClCompile Include="..\src\liolib.c" />
    <ClCompile Include="..\src\llex.c" />
    <ClCompile Include="..\src\lmathlib.c" />
    <ClCompile Include="..\src\lmem.c" />
    <ClCompile Include="..\src\loadlib.c" />
    <ClCompile Include="..\src\lobject.c" />
    <ClCompile Include="..\src\lopcodes.c" />
    <ClCompile Include="..\src\loslib.c" />
    <ClCompile Include="..\src\lparser.c" />
    <ClCompile Include="..\src\lstate.c" />
    <ClCompile Include="..\src\lstring.c" />
    <ClCompile Include="..\src\lstrlib.c" />
    <ClCompile Include="..\src\ltable.c" />
    <ClCompile Include="..\src\ltablib.c" />
    <ClCompile Include="..\src\ltm.c" />
    <ClCompile Include="..\src\lua.c" />
    <ClCompile Include="..\src\lundump.c" />
    <ClCompile Include="..\src\lvm.c" />
    <ClCompile Include="..\src\lzio.c" />
    <ClCompile Include="..\src\print.c" />
    <ClCompile Include="..\_luasocket\auxiliar.c">
      <Filter>_luasocket</Filter>
    </ClCompile>
    <ClCompile Include="..\_luasocket\buffer.c">
      <Filter>_luasocket</Filter>
    </ClCompile>
    <ClCompile Include="..\_luasocket\except.c">
      <Filter>_luasocket</Filter>
    </ClCompile>
    <ClCompile Include="..\_luasocket\inet.c">
      <Filter>_luasocket</Filter>
    </ClCompile>
    <ClCompile Include="..\_luasocket\io.c">
      <Filter>_luasocket</Filter>
    </ClCompile>
    <ClCompile Include="..\_luasocket\luasocket.c">
      <Filter>_luasocket</Filter>
    </ClCompile>
    <ClCompile Include="..\_luasocket\mime.c">
      <Filter>_luasocket</Filter>
    </ClCompile>
    <ClCompile Include="..\_luasocket\options.c">
      <Filter>_luasocket</Filter>
    </ClCompile>
    <ClCompile Include="..\_luasocket\select.c">
      <Filter>_luasocket</Filter>
    </ClCompile>
    <ClCompile Include="..\_luasocket\tcp.c">
      <Filter>_luasocket</Filter>
    </ClCompile>
    <ClCompile Include="..\_luasocket\timeout.c">
      <Filter>_luasocket</Filter>
    </ClCompile>
    <ClCompile Include="..\_luasocket\udp.c">
      <Filter>_luasocket</Filter>
    </ClCompile>
    <ClCompile Include="..\_luasocket\wsocket.c">
      <Filter>_luasocket</Filter>
    </ClCompile>
  </ItemGroup>
  <ItemGroup>
    <ClInclude Include="..\src\lapi.h" />
    <ClInclude Include="..\src\lauxlib.h" />
    <ClInclude Include="..\src\lcode.h" />
    <ClInclude Include="..\src\ldebug.h" />
    <ClInclude Include="..\src\ldo.h" />
    <ClInclude Include="..\src\lfunc.h" />
    <ClInclude Include="..\src\lgc.h" />
    <ClInclude Include="..\src\llex.h" />
    <ClInclude Include="..\src\llimits.h" />
    <ClInclude Include="..\src\lmem.h" />
    <ClInclude Include="..\src\lobject.h" />
    <ClInclude Include="..\src\lopcodes.h" />
    <ClInclude Include="..\src\lparser.h" />
    <ClInclude Include="..\src\lstate.h" />
    <ClInclude Include="..\src\lstring.h" />
    <ClInclude Include="..\src\ltable.h" />
    <ClInclude Include="..\src\ltm.h" />
    <ClInclude Include="..\src\lua.h" />
    <ClInclude Include="..\src\luaconf.h" />
    <ClInclude Include="..\src\lualib.h" />
    <ClInclude Include="..\src\lundump.h" />
    <ClInclude Include="..\src\lvm.h" />
    <ClInclude Include="..\src\lzio.h" />
    <ClInclude Include="..\_luasocket\auxiliar.h">
      <Filter>_luasocket</Filter>
    </ClInclude>
    <ClInclude Include="..\_luasocket\buffer.h">
      <Filter>_luasocket</Filter>
    </ClInclude>
    <ClInclude Include="..\_luasocket\except.h">
      <Filter>_luasocket</Filter>
    </ClInclude>
    <ClInclude Include="..\_luasocket\inet.h">
      <Filter>_luasocket</Filter>
    </ClInclude>
    <ClInclude Include="..\_luasocket\io.h">
      <Filter>_luasocket</Filter>
    </ClInclude>
    <ClInclude Include="..\_luasocket\luasocket.h">
      <Filter>_luasocket</Filter>
    </ClInclude>
    <ClInclude Include="..\_luasocket\mime.h">
      <Filter>_luasocket</Filter>
    </ClInclude>
    <ClInclude Include="..\_luasocket\options.h">
      <Filter>_luasocket</Filter>
    </ClInclude>
    <ClInclude Include="..\_luasocket\select.h">
      <Filter>_luasocket</Filter>
    </ClInclude>
    <ClInclude Include="..\_luasocket\socket.h">
      <Filter>_luasocket</Filter>
    </ClInclude>
    <ClInclude Include="..\_luasocket\tcp.h">
      <Filter>_luasocket</Filter>
    </ClInclude>
    <ClInclude Include="..\_luasocket\timeout.h">
      <Filter>_luasocket</Filter>
    </ClInclude>
    <ClInclude Include="..\_luasocket\udp.h">
      <Filter>_luasocket</Filter>
    </ClInclude>
    <ClInclude Include="..\_luasocket\wsocket.h">
      <Filter>_luasocket</Filter>
    </ClInclude>
  </ItemGroup>
  <ItemGroup>
    <None Include="..\src\Makefile" />
  </ItemGroup>
  <ItemGroup>
    <Filter Include="_luasocket">
      <UniqueIdentifier>{32f39166-e437-4858-92f8-7b912ac99f7e}</UniqueIdentifier>
    </Filter>
  </ItemGroup>
</Project>